{
  "name": "portfolio",
  "lockfileVersion": 2,
  "requires": true,
  "packages": {
    "": {
      "dependencies": {
        "keen-slider": "^6.6.5"
      }
    },
    "node_modules/keen-slider": {
      "version": "6.6.5",
      "resolved": "https://registry.npmjs.org/keen-slider/-/keen-slider-6.6.5.tgz",
      "integrity": "sha512-1ycZiZRztCdUjtjyHFchczBpSJLWiz2b6oQFXKbOexPS9tlLVc054UEfRXfXGLh2O4X3LgLnvbpSlEzkiYmhVw=="
    }
  },
  "dependencies": {
    "keen-slider": {
      "version": "6.6.5",
      "resolved": "https://registry.npmjs.org/keen-slider/-/keen-slider-6.6.5.tgz",
      "integrity": "sha512-1ycZiZRztCdUjtjyHFchczBpSJLWiz2b6oQFXKbOexPS9tlLVc054UEfRXfXGLh2O4X3LgLnvbpSlEzkiYmhVw=="
    }
  }
}
